
Microsoft Visual Studio Solution File, Format Version 12.00
# Visual Studio Version 17
VisualStudioVersion = 17.9.34723.18
MinimumVisualStudioVersion = 10.0.40219.1
Project("{FAE04EC0-301F-11D3-BF4B-00C04F79EFBC}") = "MLApp", "MLApp\MLApp.csproj", "{20DC3486-975E-4944-934E-ECBE1307166E}"
EndProject
Global
	GlobalSection(SolutionConfigurationPlatforms) = preSolution
		Debug|Any CPU = Debug|Any CPU
		Release|Any CPU = Release|Any CPU
	EndGlobalSection
	GlobalSection(ProjectConfigurationPlatforms) = postSolution
		{20DC3486-975E-4944-934E-ECBE1307166E}.Debug|Any CPU.ActiveCfg = Debug|Any CPU
		{20DC3486-975E-4944-934E-ECBE1307166E}.Debug|Any CPU.Build.0 = Debug|Any CPU
		{20DC3486-975E-4944-934E-ECBE1307166E}.Release|Any CPU.ActiveCfg = Release|Any CPU
		{20DC3486-975E-4944-934E-ECBE1307166E}.Release|Any CPU.Build.0 = Release|Any CPU
	EndGlobalSection
	GlobalSection(SolutionProperties) = preSolution
		HideSolutionNode = FALSE
	EndGlobalSection
	GlobalSection(ExtensibilityGlobals) = postSolution
		SolutionGuid = {39E56A37-290F-4EA1-9723-BF340C1B4B11}
	EndGlobalSection
EndGlobal
